
Microsoft Visual Studio Solution File, Format Version 12.00
Project("{FAE04EC0-301F-11D3-BF4B-00C04F79EFBC}") = "ExerciseService.Domain", "ExerciseService.Domain\ExerciseService.Domain.csproj", "{FDF0D9A5-FE3B-4A85-9434-E1826A52ECB3}"
EndProject
Project("{FAE04EC0-301F-11D3-BF4B-00C04F79EFBC}") = "ExerciseService.Application", "ExerciseService.Application\ExerciseService.Application.csproj", "{EC4C8B6C-2535-49B5-B4F7-B07F43087839}"
EndProject
Project("{FAE04EC0-301F-11D3-BF4B-00C04F79EFBC}") = "ExerciseService.Infrastructure", "ExerciseService.Infrastructure\ExerciseService.Infrastructure.csproj", "{828213C9-C63F-4316-8F27-C12CFD235762}"
EndProject
Project("{FAE04EC0-301F-11D3-BF4B-00C04F79EFBC}") = "ExerciseService.API", "ExerciseService.API\ExerciseService.API.csproj", "{89AE8A74-E27A-426E-BB01-D39C18B59D91}"
EndProject
Global
	GlobalSection(SolutionConfigurationPlatforms) = preSolution
		Debug|Any CPU = Debug|Any CPU
		Release|Any CPU = Release|Any CPU
	EndGlobalSection
	GlobalSection(ProjectConfigurationPlatforms) = postSolution
		{FDF0D9A5-FE3B-4A85-9434-E1826A52ECB3}.Debug|Any CPU.ActiveCfg = Debug|Any CPU
		{FDF0D9A5-FE3B-4A85-9434-E1826A52ECB3}.Debug|Any CPU.Build.0 = Debug|Any CPU
		{FDF0D9A5-FE3B-4A85-9434-E1826A52ECB3}.Release|Any CPU.ActiveCfg = Release|Any CPU
		{FDF0D9A5-FE3B-4A85-9434-E1826A52ECB3}.Release|Any CPU.Build.0 = Release|Any CPU
		{EC4C8B6C-2535-49B5-B4F7-B07F43087839}.Debug|Any CPU.ActiveCfg = Debug|Any CPU
		{EC4C8B6C-2535-49B5-B4F7-B07F43087839}.Debug|Any CPU.Build.0 = Debug|Any CPU
		{EC4C8B6C-2535-49B5-B4F7-B07F43087839}.Release|Any CPU.ActiveCfg = Release|Any CPU
		{EC4C8B6C-2535-49B5-B4F7-B07F43087839}.Release|Any CPU.Build.0 = Release|Any CPU
		{828213C9-C63F-4316-8F27-C12CFD235762}.Debug|Any CPU.ActiveCfg = Debug|Any CPU
		{828213C9-C63F-4316-8F27-C12CFD235762}.Debug|Any CPU.Build.0 = Debug|Any CPU
		{828213C9-C63F-4316-8F27-C12CFD235762}.Release|Any CPU.ActiveCfg = Release|Any CPU
		{828213C9-C63F-4316-8F27-C12CFD235762}.Release|Any CPU.Build.0 = Release|Any CPU
		{89AE8A74-E27A-426E-BB01-D39C18B59D91}.Debug|Any CPU.ActiveCfg = Debug|Any CPU
		{89AE8A74-E27A-426E-BB01-D39C18B59D91}.Debug|Any CPU.Build.0 = Debug|Any CPU
		{89AE8A74-E27A-426E-BB01-D39C18B59D91}.Release|Any CPU.ActiveCfg = Release|Any CPU
		{89AE8A74-E27A-426E-BB01-D39C18B59D91}.Release|Any CPU.Build.0 = Release|Any CPU
	EndGlobalSection
EndGlobal
